
Microsoft Visual Studio Solution File, Format Version 12.00
# Visual Studio 15
VisualStudioVersion = 15.0.28010.2048
MinimumVisualStudioVersion = 10.0.40219.1
Project("{FAE04EC0-301F-11D3-BF4B-00C04F79EFBC}") = "DoorStuck", "DoorStuck\DoorStuck.csproj", "{77707767-EC91-414E-B92A-F3DCC78FC655}"
EndProject
Global
	GlobalSection(SolutionConfigurationPlatforms) = preSolution
		Debug|Any CPU = Debug|Any CPU
		Release|Any CPU = Release|Any CPU
	EndGlobalSection
	GlobalSection(ProjectConfigurationPlatforms) = postSolution
		{77707767-EC91-414E-B92A-F3DCC78FC655}.Debug|Any CPU.ActiveCfg = Debug|Any CPU
		{77707767-EC91-414E-B92A-F3DCC78FC655}.Debug|Any CPU.Build.0 = Debug|Any CPU
		{77707767-EC91-414E-B92A-F3DCC78FC655}.Release|Any CPU.ActiveCfg = Release|Any CPU
		{77707767-EC91-414E-B92A-F3DCC78FC655}.Release|Any CPU.Build.0 = Release|Any CPU
	EndGlobalSection
	GlobalSection(SolutionProperties) = preSolution
		HideSolutionNode = FALSE
	EndGlobalSection
	GlobalSection(ExtensibilityGlobals) = postSolution
		SolutionGuid = {535E4A7D-7B3D-42F3-BB5D-DAA1D7D6F7DF}
	EndGlobalSection
EndGlobal
